{
  "name": "HERE-LinkBuilder",
  "version": "0.0.1",
  "dependencies": {
    "adm-zip": {
      "version": "0.4.7",
      "from": "adm-zip@>=0.4.7 <0.5.0",
      "resolved": "https://registry.npmjs.org/adm-zip/-/adm-zip-0.4.7.tgz",
      "dev": true
    },
    "async": {
      "version": "1.5.2",
      "from": "async@>=1.5.2 <2.0.0",
      "resolved": "https://registry.npmjs.org/async/-/async-1.5.2.tgz",
      "dev": true
    },
    "awesomplete": {
      "version": "1.1.1",
      "from": "awesomplete@>=1.1.1 <1.2.0",
      "resolved": "https://registry.npmjs.org/awesomplete/-/awesomplete-1.1.1.tgz",
      "dev": true
    },
    "balanced-match": {
      "version": "0.4.2",
      "from": "balanced-match@>=0.4.1 <0.5.0",
      "resolved": "https://registry.npmjs.org/balanced-match/-/balanced-match-0.4.2.tgz",
      "dev": true
    },
    "brace-expansion": {
      "version": "1.1.7",
      "from": "brace-expansion@>=1.1.7 <2.0.0",
      "resolved": "https://registry.npmjs.org/brace-expansion/-/brace-expansion-1.1.7.tgz",
      "dev": true
    },
    "browser-stdout": {
      "version": "1.3.0",
      "from": "browser-stdout@1.3.0",
      "resolved": "https://registry.npmjs.org/browser-stdout/-/browser-stdout-1.3.0.tgz",
      "dev": true
    },
    "cli": {
      "version": "1.0.1",
      "from": "cli@>=1.0.0 <1.1.0",
      "resolved": "https://registry.npmjs.org/cli/-/cli-1.0.1.tgz",
      "dev": true
    },
    "colors": {
      "version": "1.0.3",
      "from": "colors@1.0.3",
      "resolved": "https://registry.npmjs.org/colors/-/colors-1.0.3.tgz",
      "dev": true
    },
    "commander": {
      "version": "2.9.0",
      "from": "commander@2.9.0",
      "resolved": "https://registry.npmjs.org/commander/-/commander-2.9.0.tgz",
      "dev": true
    },
    "concat-map": {
      "version": "0.0.1",
      "from": "concat-map@0.0.1",
      "resolved": "https://registry.npmjs.org/concat-map/-/concat-map-0.0.1.tgz",
      "dev": true
    },
    "console-browserify": {
      "version": "1.1.0",
      "from": "console-browserify@>=1.1.0 <1.2.0",
      "resolved": "https://registry.npmjs.org/console-browserify/-/console-browserify-1.1.0.tgz",
      "dev": true
    },
    "core-util-is": {
      "version": "1.0.2",
      "from": "core-util-is@>=1.0.0 <1.1.0",
      "resolved": "https://registry.npmjs.org/core-util-is/-/core-util-is-1.0.2.tgz",
      "dev": true
    },
    "corser": {
      "version": "2.0.1",
      "from": "corser@>=2.0.0 <2.1.0",
      "resolved": "https://registry.npmjs.org/corser/-/corser-2.0.1.tgz",
      "dev": true
    },
    "date-now": {
      "version": "0.1.4",
      "from": "date-now@>=0.1.4 <0.2.0",
      "resolved": "https://registry.npmjs.org/date-now/-/date-now-0.1.4.tgz",
      "dev": true
    },
    "debug": {
      "version": "2.6.6",
      "from": "debug@>=2.2.0 <3.0.0",
      "resolved": "https://registry.npmjs.org/debug/-/debug-2.6.6.tgz",
      "dev": true
    },
    "diff": {
      "version": "3.2.0",
      "from": "diff@3.2.0",
      "resolved": "https://registry.npmjs.org/diff/-/diff-3.2.0.tgz",
      "dev": true
    },
    "dom-serializer": {
      "version": "0.1.0",
      "from": "dom-serializer@>=0.0.0 <1.0.0",
      "resolved": "https://registry.npmjs.org/dom-serializer/-/dom-serializer-0.1.0.tgz",
      "dev": true,
      "dependencies": {
        "domelementtype": {
          "version": "1.1.3",
          "from": "domelementtype@>=1.1.1 <1.2.0",
          "resolved": "https://registry.npmjs.org/domelementtype/-/domelementtype-1.1.3.tgz",
          "dev": true
        },
        "entities": {
          "version": "1.1.1",
          "from": "entities@>=1.1.1 <1.2.0",
          "resolved": "https://registry.npmjs.org/entities/-/entities-1.1.1.tgz",
          "dev": true
        }
      }
    },
    "domelementtype": {
      "version": "1.3.0",
      "from": "domelementtype@>=1.0.0 <2.0.0",
      "resolved": "https://registry.npmjs.org/domelementtype/-/domelementtype-1.3.0.tgz",
      "dev": true
    },
    "domhandler": {
      "version": "2.3.0",
      "from": "domhandler@>=2.3.0 <2.4.0",
      "resolved": "https://registry.npmjs.org/domhandler/-/domhandler-2.3.0.tgz",
      "dev": true
    },
    "domutils": {
      "version": "1.5.1",
      "from": "domutils@>=1.5.0 <1.6.0",
      "resolved": "https://registry.npmjs.org/domutils/-/domutils-1.5.1.tgz",
      "dev": true
    },
    "ecstatic": {
      "version": "2.1.0",
      "from": "ecstatic@>=2.0.0 <3.0.0",
      "resolved": "https://registry.npmjs.org/ecstatic/-/ecstatic-2.1.0.tgz",
      "dev": true
    },
    "entities": {
      "version": "1.0.0",
      "from": "entities@>=1.0.0 <1.1.0",
      "resolved": "https://registry.npmjs.org/entities/-/entities-1.0.0.tgz",
      "dev": true
    },
    "escape-string-regexp": {
      "version": "1.0.5",
      "from": "escape-string-regexp@1.0.5",
      "resolved": "https://registry.npmjs.org/escape-string-regexp/-/escape-string-regexp-1.0.5.tgz",
      "dev": true
    },
    "eventemitter3": {
      "version": "1.2.0",
      "from": "eventemitter3@>=1.0.0 <2.0.0",
      "resolved": "https://registry.npmjs.org/eventemitter3/-/eventemitter3-1.2.0.tgz",
      "dev": true
    },
    "exit": {
      "version": "0.1.2",
      "from": "exit@>=0.1.0 <0.2.0",
      "resolved": "https://registry.npmjs.org/exit/-/exit-0.1.2.tgz",
      "dev": true
    },
    "fs.realpath": {
      "version": "1.0.0",
      "from": "fs.realpath@>=1.0.0 <2.0.0",
      "resolved": "https://registry.npmjs.org/fs.realpath/-/fs.realpath-1.0.0.tgz",
      "dev": true
    },
    "glob": {
      "version": "7.1.1",
      "from": "glob@>=7.1.1 <8.0.0",
      "resolved": "https://registry.npmjs.org/glob/-/glob-7.1.1.tgz",
      "dev": true
    },
    "graceful-readlink": {
      "version": "1.0.1",
      "from": "graceful-readlink@>=1.0.0",
      "resolved": "https://registry.npmjs.org/graceful-readlink/-/graceful-readlink-1.0.1.tgz",
      "dev": true
    },
    "growl": {
      "version": "1.9.2",
      "from": "growl@1.9.2",
      "resolved": "https://registry.npmjs.org/growl/-/growl-1.9.2.tgz",
      "dev": true
    },
    "has-flag": {
      "version": "1.0.0",
      "from": "has-flag@>=1.0.0 <2.0.0",
      "resolved": "https://registry.npmjs.org/has-flag/-/has-flag-1.0.0.tgz",
      "dev": true
    },
    "he": {
      "version": "0.5.0",
      "from": "he@>=0.5.0 <0.6.0",
      "resolved": "https://registry.npmjs.org/he/-/he-0.5.0.tgz",
      "dev": true
    },
    "htmlparser2": {
      "version": "3.8.3",
      "from": "htmlparser2@>=3.8.0 <3.9.0",
      "resolved": "https://registry.npmjs.org/htmlparser2/-/htmlparser2-3.8.3.tgz",
      "dev": true
    },
    "http-proxy": {
      "version": "1.16.2",
      "from": "http-proxy@>=1.8.1 <2.0.0",
      "resolved": "https://registry.npmjs.org/http-proxy/-/http-proxy-1.16.2.tgz",
      "dev": true
    },
    "http-server": {
      "version": "0.10.0",
      "from": "http-server@>=0.10.0 <0.11.0",
      "resolved": "https://registry.npmjs.org/http-server/-/http-server-0.10.0.tgz",
      "dev": true
    },
    "inflight": {
      "version": "1.0.6",
      "from": "inflight@>=1.0.4 <2.0.0",
      "resolved": "https://registry.npmjs.org/inflight/-/inflight-1.0.6.tgz",
      "dev": true
    },
    "inherits": {
      "version": "2.0.3",
      "from": "inherits@>=2.0.0 <3.0.0",
      "resolved": "https://registry.npmjs.org/inherits/-/inherits-2.0.3.tgz",
      "dev": true
    },
    "isarray": {
      "version": "0.0.1",
      "from": "isarray@0.0.1",
      "resolved": "https://registry.npmjs.org/isarray/-/isarray-0.0.1.tgz",
      "dev": true
    },
    "jshint": {
      "version": "2.9.4",
      "from": "jshint@>=2.9.4 <2.10.0",
      "resolved": "https://registry.npmjs.org/jshint/-/jshint-2.9.4.tgz",
      "dev": true
    },
    "json3": {
      "version": "3.3.2",
      "from": "json3@3.3.2",
      "resolved": "https://registry.npmjs.org/json3/-/json3-3.3.2.tgz",
      "dev": true
    },
    "lodash": {
      "version": "3.7.0",
      "from": "lodash@>=3.7.0 <3.8.0",
      "resolved": "https://registry.npmjs.org/lodash/-/lodash-3.7.0.tgz",
      "dev": true
    },
    "lodash._baseassign": {
      "version": "3.2.0",
      "from": "lodash._baseassign@>=3.0.0 <4.0.0",
      "resolved": "https://registry.npmjs.org/lodash._baseassign/-/lodash._baseassign-3.2.0.tgz",
      "dev": true
    },
    "lodash._basecopy": {
      "version": "3.0.1",
      "from": "lodash._basecopy@>=3.0.0 <4.0.0",
      "resolved": "https://registry.npmjs.org/lodash._basecopy/-/lodash._basecopy-3.0.1.tgz",
      "dev": true
    },
    "lodash._basecreate": {
      "version": "3.0.3",
      "from": "lodash._basecreate@>=3.0.0 <4.0.0",
      "resolved": "https://registry.npmjs.org/lodash._basecreate/-/lodash._basecreate-3.0.3.tgz",
      "dev": true
    },
    "lodash._getnative": {
      "version": "3.9.1",
      "from": "lodash._getnative@>=3.0.0 <4.0.0",
      "resolved": "https://registry.npmjs.org/lodash._getnative/-/lodash._getnative-3.9.1.tgz",
      "dev": true
    },
    "lodash._isiterateecall": {
      "version": "3.0.9",
      "from": "lodash._isiterateecall@>=3.0.0 <4.0.0",
      "resolved": "https://registry.npmjs.org/lodash._isiterateecall/-/lodash._isiterateecall-3.0.9.tgz",
      "dev": true
    },
    "lodash.create": {
      "version": "3.1.1",
      "from": "lodash.create@3.1.1",
      "resolved": "https://registry.npmjs.org/lodash.create/-/lodash.create-3.1.1.tgz",
      "dev": true
    },
    "lodash.isarguments": {
      "version": "3.1.0",
      "from": "lodash.isarguments@>=3.0.0 <4.0.0",
      "resolved": "https://registry.npmjs.org/lodash.isarguments/-/lodash.isarguments-3.1.0.tgz",
      "dev": true
    },
    "lodash.isarray": {
      "version": "3.0.4",
      "from": "lodash.isarray@>=3.0.0 <4.0.0",
      "resolved": "https://registry.npmjs.org/lodash.isarray/-/lodash.isarray-3.0.4.tgz",
      "dev": true
    },
    "lodash.keys": {
      "version": "3.1.2",
      "from": "lodash.keys@>=3.0.0 <4.0.0",
      "resolved": "https://registry.npmjs.org/lodash.keys/-/lodash.keys-3.1.2.tgz",
      "dev": true
    },
    "mime": {
      "version": "1.3.6",
      "from": "mime@>=1.2.11 <2.0.0",
      "resolved": "https://registry.npmjs.org/mime/-/mime-1.3.6.tgz",
      "dev": true
    },
    "minimatch": {
      "version": "3.0.4",
      "from": "minimatch@>=3.0.2 <3.1.0",
      "resolved": "https://registry.npmjs.org/minimatch/-/minimatch-3.0.4.tgz",
      "dev": true
    },
    "minimist": {
      "version": "1.2.0",
      "from": "minimist@>=1.1.0 <2.0.0",
      "resolved": "https://registry.npmjs.org/minimist/-/minimist-1.2.0.tgz",
      "dev": true
    },
    "mkdirp": {
      "version": "0.5.1",
      "from": "mkdirp@>=0.5.0 <0.6.0",
      "resolved": "https://registry.npmjs.org/mkdirp/-/mkdirp-0.5.1.tgz",
      "dev": true,
      "dependencies": {
        "minimist": {
          "version": "0.0.8",
          "from": "minimist@0.0.8",
          "resolved": "https://registry.npmjs.org/minimist/-/minimist-0.0.8.tgz",
          "dev": true
        }
      }
    },
    "mocha": {
      "version": "3.3.0",
      "from": "mocha@>=3.3.0 <3.4.0",
      "resolved": "https://registry.npmjs.org/mocha/-/mocha-3.3.0.tgz",
      "dev": true,
      "dependencies": {
        "debug": {
          "version": "2.6.0",
          "from": "debug@2.6.0",
          "resolved": "https://registry.npmjs.org/debug/-/debug-2.6.0.tgz",
          "dev": true
        },
        "ms": {
          "version": "0.7.2",
          "from": "ms@0.7.2",
          "resolved": "https://registry.npmjs.org/ms/-/ms-0.7.2.tgz",
          "dev": true
        }
      }
    },
    "ms": {
      "version": "0.7.3",
      "from": "ms@0.7.3",
      "resolved": "https://registry.npmjs.org/ms/-/ms-0.7.3.tgz",
      "dev": true
    },
    "once": {
      "version": "1.4.0",
      "from": "once@>=1.3.0 <2.0.0",
      "resolved": "https://registry.npmjs.org/once/-/once-1.4.0.tgz",
      "dev": true
    },
    "opener": {
      "version": "1.4.3",
      "from": "opener@>=1.4.0 <1.5.0",
      "resolved": "https://registry.npmjs.org/opener/-/opener-1.4.3.tgz",
      "dev": true
    },
    "optimist": {
      "version": "0.6.1",
      "from": "optimist@>=0.6.0 <0.7.0",
      "resolved": "https://registry.npmjs.org/optimist/-/optimist-0.6.1.tgz",
      "dev": true,
      "dependencies": {
        "minimist": {
          "version": "0.0.10",
          "from": "minimist@>=0.0.1 <0.1.0",
          "resolved": "https://registry.npmjs.org/minimist/-/minimist-0.0.10.tgz",
          "dev": true
        }
      }
    },
    "os-tmpdir": {
      "version": "1.0.2",
      "from": "os-tmpdir@>=1.0.1 <1.1.0",
      "resolved": "https://registry.npmjs.org/os-tmpdir/-/os-tmpdir-1.0.2.tgz",
      "dev": true
    },
    "path-is-absolute": {
      "version": "1.0.1",
      "from": "path-is-absolute@>=1.0.0 <2.0.0",
      "resolved": "https://registry.npmjs.org/path-is-absolute/-/path-is-absolute-1.0.1.tgz",
      "dev": true
    },
    "portfinder": {
      "version": "1.0.13",
      "from": "portfinder@>=1.0.13 <2.0.0",
      "resolved": "https://registry.npmjs.org/portfinder/-/portfinder-1.0.13.tgz",
      "dev": true
    },
    "qs": {
      "version": "2.3.3",
      "from": "qs@>=2.3.3 <2.4.0",
      "resolved": "https://registry.npmjs.org/qs/-/qs-2.3.3.tgz",
      "dev": true
    },
    "readable-stream": {
      "version": "1.1.14",
      "from": "readable-stream@>=1.1.0 <1.2.0",
      "resolved": "https://registry.npmjs.org/readable-stream/-/readable-stream-1.1.14.tgz",
      "dev": true
    },
    "requires-port": {
      "version": "1.0.0",
      "from": "requires-port@>=1.0.0 <2.0.0",
      "resolved": "https://registry.npmjs.org/requires-port/-/requires-port-1.0.0.tgz",
      "dev": true
    },
    "rimraf": {
      "version": "2.6.1",
      "from": "rimraf@>=2.5.4 <3.0.0",
      "resolved": "https://registry.npmjs.org/rimraf/-/rimraf-2.6.1.tgz",
      "dev": true
    },
    "sax": {
      "version": "1.2.2",
      "from": "sax@>=0.6.0",
      "resolved": "https://registry.npmjs.org/sax/-/sax-1.2.2.tgz",
      "dev": true
    },
    "selenium-webdriver": {
      "version": "3.4.0",
      "from": "selenium-webdriver@>=3.4.0 <3.5.0",
      "resolved": "https://registry.npmjs.org/selenium-webdriver/-/selenium-webdriver-3.4.0.tgz",
      "dev": true
    },
    "shelljs": {
      "version": "0.3.0",
      "from": "shelljs@>=0.3.0 <0.4.0",
      "resolved": "https://registry.npmjs.org/shelljs/-/shelljs-0.3.0.tgz",
      "dev": true
    },
    "string_decoder": {
      "version": "0.10.31",
      "from": "string_decoder@>=0.10.0 <0.11.0",
      "resolved": "https://registry.npmjs.org/string_decoder/-/string_decoder-0.10.31.tgz",
      "dev": true
    },
    "strip-json-comments": {
      "version": "1.0.4",
      "from": "strip-json-comments@>=1.0.0 <1.1.0",
      "resolved": "https://registry.npmjs.org/strip-json-comments/-/strip-json-comments-1.0.4.tgz",
      "dev": true
    },
    "supports-color": {
      "version": "3.1.2",
      "from": "supports-color@3.1.2",
      "resolved": "https://registry.npmjs.org/supports-color/-/supports-color-3.1.2.tgz",
      "dev": true
    },
    "tmp": {
      "version": "0.0.30",
      "from": "tmp@0.0.30",
      "resolved": "https://registry.npmjs.org/tmp/-/tmp-0.0.30.tgz",
      "dev": true
    },
    "union": {
      "version": "0.4.6",
      "from": "union@>=0.4.3 <0.5.0",
      "resolved": "https://registry.npmjs.org/union/-/union-0.4.6.tgz",
      "dev": true
    },
    "url-join": {
      "version": "1.1.0",
      "from": "url-join@>=1.0.0 <2.0.0",
      "resolved": "https://registry.npmjs.org/url-join/-/url-join-1.1.0.tgz",
      "dev": true
    },
    "wordwrap": {
      "version": "0.0.3",
      "from": "wordwrap@>=0.0.2 <0.1.0",
      "resolved": "https://registry.npmjs.org/wordwrap/-/wordwrap-0.0.3.tgz",
      "dev": true
    },
    "wrappy": {
      "version": "1.0.2",
      "from": "wrappy@>=1.0.0 <2.0.0",
      "resolved": "https://registry.npmjs.org/wrappy/-/wrappy-1.0.2.tgz",
      "dev": true
    },
    "xml2js": {
      "version": "0.4.17",
      "from": "xml2js@>=0.4.17 <0.5.0",
      "resolved": "https://registry.npmjs.org/xml2js/-/xml2js-0.4.17.tgz",
      "dev": true
    },
    "xmlbuilder": {
      "version": "4.2.1",
      "from": "xmlbuilder@>=4.1.0 <5.0.0",
      "resolved": "https://registry.npmjs.org/xmlbuilder/-/xmlbuilder-4.2.1.tgz",
      "dev": true,
      "dependencies": {
        "lodash": {
          "version": "4.17.4",
          "from": "lodash@>=4.0.0 <5.0.0",
          "resolved": "https://registry.npmjs.org/lodash/-/lodash-4.17.4.tgz",
          "dev": true
        }
      }
    }
  }
}
